PODS:
  - DtexCamera (0.0.1):
    - TensorFlowLiteSwift
  - TensorFlowLiteC (2.7.0):
    - TensorFlowLiteC/Core (= 2.7.0)
  - TensorFlowLiteC/Core (2.7.0)
  - TensorFlowLiteSwift (2.7.0):
    - TensorFlowLiteSwift/Core (= 2.7.0)
  - TensorFlowLiteSwift/Core (2.7.0):
    - TensorFlowLiteC (= 2.7.0)

DEPENDENCIES:
  - DtexCamera (from `../`)

SPEC REPOS:
  trunk:
    - TensorFlowLiteC
    - TensorFlowLiteSwift

EXTERNAL SOURCES:
  DtexCamera:
    :path: "../"

SPEC CHECKSUMS:
  DtexCamera: 15233d38fa6c2be739ab9992622cd87bb421b763
  TensorFlowLiteC: 50d75ed3640c15dcfbaf88ca4326297b445e00a1
  TensorFlowLiteSwift: fe99748dc3d58ae08bd2ff38658e3ade7038670f

PODFILE CHECKSUM: a55da41bf53981546d61955f156048bbfa1cc776

COCOAPODS: 1.12.1
